
Microsoft Visual Studio Solution File, Format Version 12.00
# Visual Studio 14
VisualStudioVersion = 14.0.23107.0
MinimumVisualStudioVersion = 10.0.40219.1
Project("{FAE04EC0-301F-11D3-BF4B-00C04F79EFBC}") = "PersonalTrainer", "PersonalTrainer\PersonalTrainer.csproj", "{996A2389-593B-4DEC-8307-C4C729678DF1}"
EndProject
Project("{FAE04EC0-301F-11D3-BF4B-00C04F79EFBC}") = "PersonalTrainer.Domain", "PersonalTrainer.Domain\PersonalTrainer.Domain.csproj", "{CB29ECB7-BAD9-448B-AA20-EC9F78F70C13}"
EndProject
Global
	GlobalSection(SolutionConfigurationPlatforms) = preSolution
		Debug|x86 = Debug|x86
		Release|x86 = Release|x86
	EndGlobalSection
	GlobalSection(ProjectConfigurationPlatforms) = postSolution
		{996A2389-593B-4DEC-8307-C4C729678DF1}.Debug|x86.ActiveCfg = Debug|x86
		{996A2389-593B-4DEC-8307-C4C729678DF1}.Debug|x86.Build.0 = Debug|x86
		{996A2389-593B-4DEC-8307-C4C729678DF1}.Release|x86.ActiveCfg = Release|x86
		{996A2389-593B-4DEC-8307-C4C729678DF1}.Release|x86.Build.0 = Release|x86
		{CB29ECB7-BAD9-448B-AA20-EC9F78F70C13}.Debug|x86.ActiveCfg = Debug|x86
		{CB29ECB7-BAD9-448B-AA20-EC9F78F70C13}.Debug|x86.Build.0 = Debug|x86
		{CB29ECB7-BAD9-448B-AA20-EC9F78F70C13}.Release|x86.ActiveCfg = Release|x86
		{CB29ECB7-BAD9-448B-AA20-EC9F78F70C13}.Release|x86.Build.0 = Release|x86
	EndGlobalSection
	GlobalSection(SolutionProperties) = preSolution
		HideSolutionNode = FALSE
	EndGlobalSection
EndGlobal
